// !$*UTF8*$!
{
	archiveVersion = 1;
	classes = {
	};
	objectVersion = 48;
	objects = {

/* Begin PBXBuildFile section */
		0F237EE9A83D1D42DC5F76E9 /* Pods_SLCycleImageView.framework in Frameworks */ = {isa = PBXBuildFile; fileRef = B879EB33DE1FE97B9BD089DC /* Pods_SLCycleImageView.framework */; };
		DA1DF2AF1FB0366C00FA9122 /* SLAbstractDotView.swift in Sources */ = {isa = PBXBuildFile; fileRef = DA1DF2A71FB0366C00FA9122 /* SLAbstractDotView.swift */; };
		DA1DF2B01FB0366C00FA9122 /* SLAnimatedDotView.swift in Sources */ = {isa = PBXBuildFile; fileRef = DA1DF2A81FB0366C00FA9122 /* SLAnimatedDotView.swift */; };
		DA1DF2B11FB0366C00FA9122 /* SLDotView.swift in Sources */ = {isa = PBXBuildFile; fileRef = DA1DF2A91FB0366C00FA9122 /* SLDotView.swift */; };
		DA1DF2B21FB0366C00FA9122 /* SLPageControl.swift in Sources */ = {isa = PBXBuildFile; fileRef = DA1DF2AA1FB0366C00FA9122 /* SLPageControl.swift */; };
		DA1DF2B31FB0366C00FA9122 /* SLTextPageControl.swift in Sources */ = {isa = PBXBuildFile; fileRef = DA1DF2AB1FB0366C00FA9122 /* SLTextPageControl.swift */; };
		DA1DF2B41FB0366C00FA9122 /* SLCollectionViewCell.swift in Sources */ = {isa = PBXBuildFile; fileRef = DA1DF2AC1FB0366C00FA9122 /* SLCollectionViewCell.swift */; };
		DA1DF2B51FB0366C00FA9122 /* SLCycleImageView.swift in Sources */ = {isa = PBXBuildFile; fileRef = DA1DF2AD1FB0366C00FA9122 /* SLCycleImageView.swift */; };
		DA1DF2B61FB0366C00FA9122 /* UIView+SLExtension.swift in Sources */ = {isa = PBXBuildFile; fileRef = DA1DF2AE1FB0366C00FA9122 /* UIView+SLExtension.swift */; };
		DADA4D661FAAB29300014539 /* AppDelegate.swift in Sources */ = {isa = PBXBuildFile; fileRef = DADA4D651FAAB29300014539 /* AppDelegate.swift */; };
		DADA4D681FAAB29300014539 /* ViewController.swift in Sources */ = {isa = PBXBuildFile; fileRef = DADA4D671FAAB29300014539 /* ViewController.swift */; };
		DADA4D6B1FAAB29300014539 /* Main.storyboard in Resources */ = {isa = PBXBuildFile; fileRef = DADA4D691FAAB29300014539 /* Main.storyboard */; };
		DADA4D6D1FAAB29300014539 /* Assets.xcassets in Resources */ = {isa = PBXBuildFile; fileRef = DADA4D6C1FAAB29300014539 /* Assets.xcassets */; };
		DADA4D701FAAB29300014539 /* LaunchScreen.storyboard in Resources */ = {isa = PBXBuildFile; fileRef = DADA4D6E1FAAB29300014539 /* LaunchScreen.storyboard */; };
/* End PBXBuildFile section */

/* Begin PBXFileReference section */
		64DAFF00CF8BE4E0D0F7B734 /* Pods-SLCycleImageView.debug.xcconfig */ = {isa = PBXFileReference; includeInIndex = 1; lastKnownFileType = text.xcconfig; name = "Pods-SLCycleImageView.debug.xcconfig"; path = "Pods/Target Support Files/Pods-SLCycleImageView/Pods-SLCycleImageView.debug.xcconfig"; sourceTree = "<group>"; };
		B879EB33DE1FE97B9BD089DC /* Pods_SLCycleImageView.framework */ = {isa = PBXFileReference; explicitFileType = wrapper.framework; includeInIndex = 0; path = Pods_SLCycleImageView.framework; sourceTree = BUILT_PRODUCTS_DIR; };
		DA1DF2A71FB0366C00FA9122 /* SLAbstractDotView.swift */ = {isa = PBXFileReference; fileEncoding = 4; lastKnownFileType = sourcecode.swift; path = SLAbstractDotView.swift; sourceTree = "<group>"; };
		DA1DF2A81FB0366C00FA9122 /* SLAnimatedDotView.swift */ = {isa = PBXFileReference; fileEncoding = 4; lastKnownFileType = sourcecode.swift; path = SLAnimatedDotView.swift; sourceTree = "<group>"; };
		DA1DF2A91FB0366C00FA9122 /* SLDotView.swift */ = {isa = PBXFileReference; fileEncoding = 4; lastKnownFileType = sourcecode.swift; path = SLDotView.swift; sourceTree = "<group>"; };
		DA1DF2AA1FB0366C00FA9122 /* SLPageControl.swift */ = {isa = PBXFileReference; fileEncoding = 4; lastKnownFileType = sourcecode.swift; path = SLPageControl.swift; sourceTree = "<group>"; };
		DA1DF2AB1FB0366C00FA9122 /* SLTextPageControl.swift */ = {isa = PBXFileReference; fileEncoding = 4; lastKnownFileType = sourcecode.swift; path = SLTextPageControl.swift; sourceTree = "<group>"; };
		DA1DF2AC1FB0366C00FA9122 /* SLCollectionViewCell.swift */ = {isa = PBXFileReference; fileEncoding = 4; lastKnownFileType = sourcecode.swift; path = SLCollectionViewCell.swift; sourceTree = "<group>"; };
		DA1DF2AD1FB0366C00FA9122 /* SLCycleImageView.swift */ = {isa = PBXFileReference; fileEncoding = 4; lastKnownFileType = sourcecode.swift; path = SLCycleImageView.swift; sourceTree = "<group>"; };
		DA1DF2AE1FB0366C00FA9122 /* UIView+SLExtension.swift */ = {isa = PBXFileReference; fileEncoding = 4; lastKnownFileType = sourcecode.swift; path = "UIView+SLExtension.swift"; sourceTree = "<group>"; };
		DADA4D621FAAB29300014539 /* SLCycleImageView.app */ = {isa = PBXFileReference; explicitFileType = wrapper.application; includeInIndex = 0; path = SLCycleImageView.app; sourceTree = BUILT_PRODUCTS_DIR; };
		DADA4D651FAAB29300014539 /* AppDelegate.swift */ = {isa = PBXFileReference; lastKnownFileType = sourcecode.swift; path = AppDelegate.swift; sourceTree = "<group>"; };
		DADA4D671FAAB29300014539 /* ViewController.swift */ = {isa = PBXFileReference; lastKnownFileType = sourcecode.swift; path = ViewController.swift; sourceTree = "<group>"; };
		DADA4D6A1FAAB29300014539 /* Base */ = {isa = PBXFileReference; lastKnownFileType = file.storyboard; name = Base; path = Base.lproj/Main.storyboard; sourceTree = "<group>"; };
		DADA4D6C1FAAB29300014539 /* Assets.xcassets */ = {isa = PBXFileReference; lastKnownFileType = folder.assetcatalog; path = Assets.xcassets; sourceTree = "<group>"; };
		DADA4D6F1FAAB29300014539 /* Base */ = {isa = PBXFileReference; lastKnownFileType = file.storyboard; name = Base; path = Base.lproj/LaunchScreen.storyboard; sourceTree = "<group>"; };
		DADA4D711FAAB29300014539 /* Info.plist */ = {isa = PBXFileReference; lastKnownFileType = text.plist.xml; path = Info.plist; sourceTree = "<group>"; };
		F2B6C2CF2FD9F417A790877C /* Pods-SLCycleImageView.release.xcconfig */ = {isa = PBXFileReference; includeInIndex = 1; lastKnownFileType = text.xcconfig; name = "Pods-SLCycleImageView.release.xcconfig"; path = "Pods/Target Support Files/Pods-SLCycleImageView/Pods-SLCycleImageView.release.xcconfig"; sourceTree = "<group>"; };
/* End PBXFileReference section */

/* Begin PBXFrameworksBuildPhase section */
		DADA4D5F1FAAB29300014539 /* Frameworks */ = {
			isa = PBXFrameworksBuildPhase;
			buildActionMask = 2147483647;
			files = (
				0F237EE9A83D1D42DC5F76E9 /* Pods_SLCycleImageView.framework in Frameworks */,
			);
			runOnlyForDeploymentPostprocessing = 0;
		};
/* End PBXFrameworksBuildPhase section */

/* Begin PBXGroup section */
		024ADCBEB338535AE82F91D3 /* Pods */ = {
			isa = PBXGroup;
			children = (
				64DAFF00CF8BE4E0D0F7B734 /* Pods-SLCycleImageView.debug.xcconfig */,
				F2B6C2CF2FD9F417A790877C /* Pods-SLCycleImageView.release.xcconfig */,
			);
			name = Pods;
			sourceTree = "<group>";
		};
		D00FB8447298264F27AFD34C /* Frameworks */ = {
			isa = PBXGroup;
			children = (
				B879EB33DE1FE97B9BD089DC /* Pods_SLCycleImageView.framework */,
			);
			name = Frameworks;
			sourceTree = "<group>";
		};
		DA1DF2921FB0121500FA9122 /* Lib */ = {
			isa = PBXGroup;
			children = (
				DA1DF2A51FB0366C00FA9122 /* SLCycleImageView */,
			);
			path = Lib;
			sourceTree = "<group>";
		};
		DA1DF2A51FB0366C00FA9122 /* SLCycleImageView */ = {
			isa = PBXGroup;
			children = (
				DA1DF2A61FB0366C00FA9122 /* PageControl */,
				DA1DF2AC1FB0366C00FA9122 /* SLCollectionViewCell.swift */,
				DA1DF2AD1FB0366C00FA9122 /* SLCycleImageView.swift */,
				DA1DF2AE1FB0366C00FA9122 /* UIView+SLExtension.swift */,
			);
			path = SLCycleImageView;
			sourceTree = "<group>";
		};
		DA1DF2A61FB0366C00FA9122 /* PageControl */ = {
			isa = PBXGroup;
			children = (
				DA1DF2A71FB0366C00FA9122 /* SLAbstractDotView.swift */,
				DA1DF2A81FB0366C00FA9122 /* SLAnimatedDotView.swift */,
				DA1DF2A91FB0366C00FA9122 /* SLDotView.swift */,
				DA1DF2AA1FB0366C00FA9122 /* SLPageControl.swift */,
				DA1DF2AB1FB0366C00FA9122 /* SLTextPageControl.swift */,
			);
			path = PageControl;
			sourceTree = "<group>";
		};
		DADA4D591FAAB29300014539 = {
			isa = PBXGroup;
			children = (
				DADA4D641FAAB29300014539 /* SLCycleImageView */,
				DADA4D631FAAB29300014539 /* Products */,
				024ADCBEB338535AE82F91D3 /* Pods */,
				D00FB8447298264F27AFD34C /* Frameworks */,
			);
			sourceTree = "<group>";
		};
		DADA4D631FAAB29300014539 /* Products */ = {
			isa = PBXGroup;
			children = (
				DADA4D621FAAB29300014539 /* SLCycleImageView.app */,
			);
			name = Products;
			sourceTree = "<group>";
		};
		DADA4D641FAAB29300014539 /* SLCycleImageView */ = {
			isa = PBXGroup;
			children = (
				DA1DF2921FB0121500FA9122 /* Lib */,
				DADA4D651FAAB29300014539 /* AppDelegate.swift */,
				DADA4D671FAAB29300014539 /* ViewController.swift */,
				DADA4D691FAAB29300014539 /* Main.storyboard */,
				DADA4D6C1FAAB29300014539 /* Assets.xcassets */,
				DADA4D6E1FAAB29300014539 /* LaunchScreen.storyboard */,
				DADA4D711FAAB29300014539 /* Info.plist */,
			);
			path = SLCycleImageView;
			sourceTree = "<group>";
		};
/* End PBXGroup section */

/* Begin PBXNativeTarget section */
		DADA4D611FAAB29300014539 /* SLCycleImageView */ = {
			isa = PBXNativeTarget;
			buildConfigurationList = DADA4D741FAAB29300014539 /* Build configuration list for PBXNativeTarget "SLCycleImageView" */;
			buildPhases = (
				056FA405F30C176D928C7B48 /* [CP] Check Pods Manifest.lock */,
				DADA4D5E1FAAB29300014539 /* Sources */,
				DADA4D5F1FAAB29300014539 /* Frameworks */,
				DADA4D601FAAB29300014539 /* Resources */,
				7DBB0A3DA2D6844177D8D433 /* [CP] Embed Pods Frameworks */,
				BF9994B869DC18CF23AD9140 /* [CP] Copy Pods Resources */,
			);
			buildRules = (
			);
			dependencies = (
			);
			name = SLCycleImageView;
			productName = SLCycleImageView;
			productReference = DADA4D621FAAB29300014539 /* SLCycleImageView.app */;
			productType = "com.apple.product-type.application";
		};
/* End PBXNativeTarget section */

/* Begin PBXProject section */
		DADA4D5A1FAAB29300014539 /* Project object */ = {
			isa = PBXProject;
			attributes = {
				LastSwiftUpdateCheck = 0900;
				LastUpgradeCheck = 0900;
				ORGANIZATIONNAME = sanchew;
				TargetAttributes = {
					DADA4D611FAAB29300014539 = {
						CreatedOnToolsVersion = 9.0;
						ProvisioningStyle = Automatic;
					};
				};
			};
			buildConfigurationList = DADA4D5D1FAAB29300014539 /* Build configuration list for PBXProject "SLCycleImageView" */;
			compatibilityVersion = "Xcode 8.0";
			developmentRegion = en;
			hasScannedForEncodings = 0;
			knownRegions = (
				en,
				Base,
			);
			mainGroup = DADA4D591FAAB29300014539;
			productRefGroup = DADA4D631FAAB29300014539 /* Products */;
			projectDirPath = "";
			projectRoot = "";
			targets = (
				DADA4D611FAAB29300014539 /* SLCycleImageView */,
			);
		};
/* End PBXProject section */

/* Begin PBXResourcesBuildPhase section */
		DADA4D601FAAB29300014539 /* Resources */ = {
			isa = PBXResourcesBuildPhase;
			buildActionMask = 2147483647;
			files = (
				DADA4D701FAAB29300014539 /* LaunchScreen.storyboard in Resources */,
				DADA4D6D1FAAB29300014539 /* Assets.xcassets in Resources */,
				DADA4D6B1FAAB29300014539 /* Main.storyboard in Resources */,
			);
			runOnlyForDeploymentPostprocessing = 0;
		};
/* End PBXResourcesBuildPhase section */

/* Begin PBXShellScriptBuildPhase section */
		056FA405F30C176D928C7B48 /* [CP] Check Pods Manifest.lock */ = {
			isa = PBXShellScriptBuildPhase;
			buildActionMask = 2147483647;
			files = (
			);
			inputPaths = (
				"${PODS_PODFILE_DIR_PATH}/Podfile.lock",
				"${PODS_ROOT}/Manifest.lock",
			);
			name = "[CP] Check Pods Manifest.lock";
			outputPaths = (
				"$(DERIVED_FILE_DIR)/Pods-SLCycleImageView-checkManifestLockResult.txt",
			);
			runOnlyForDeploymentPostprocessing = 0;
			shellPath = /bin/sh;
			shellScript = "diff \"${PODS_PODFILE_DIR_PATH}/Podfile.lock\" \"${PODS_ROOT}/Manifest.lock\" > /dev/null\nif [ $? != 0 ] ; then\n    # print error to STDERR\n    echo \"error: The sandbox is not in sync with the Podfile.lock. Run 'pod install' or update your CocoaPods installation.\" >&2\n    exit 1\nfi\n# This output is used by Xcode 'outputs' to avoid re-running this script phase.\necho \"SUCCESS\" > \"${SCRIPT_OUTPUT_FILE_0}\"\n";
			showEnvVarsInLog = 0;
		};
		7DBB0A3DA2D6844177D8D433 /* [CP] Embed Pods Frameworks */ = {
			isa = PBXShellScriptBuildPhase;
			buildActionMask = 2147483647;
			files = (
			);
			inputPaths = (
				"${SRCROOT}/Pods/Target Support Files/Pods-SLCycleImageView/Pods-SLCycleImageView-frameworks.sh",
				"${BUILT_PRODUCTS_DIR}/DACircularProgress/DACircularProgress.framework",
				"${BUILT_PRODUCTS_DIR}/Kingfisher/Kingfisher.framework",
			);
			name = "[CP] Embed Pods Frameworks";
			outputPaths = (
				"${TARGET_BUILD_DIR}/${FRAMEWORKS_FOLDER_PATH}/DACircularProgress.framework",
				"${TARGET_BUILD_DIR}/${FRAMEWORKS_FOLDER_PATH}/Kingfisher.framework",
			);
			runOnlyForDeploymentPostprocessing = 0;
			shellPath = /bin/sh;
			shellScript = "\"${SRCROOT}/Pods/Target Support Files/Pods-SLCycleImageView/Pods-SLCycleImageView-frameworks.sh\"\n";
			showEnvVarsInLog = 0;
		};
		BF9994B869DC18CF23AD9140 /* [CP] Copy Pods Resources */ = {
			isa = PBXShellScriptBuildPhase;
			buildActionMask = 2147483647;
			files = (
			);
			inputPaths = (
			);
			name = "[CP] Copy Pods Resources";
			outputPaths = (
			);
			runOnlyForDeploymentPostprocessing = 0;
			shellPath = /bin/sh;
			shellScript = "\"${SRCROOT}/Pods/Target Support Files/Pods-SLCycleImageView/Pods-SLCycleImageView-resources.sh\"\n";
			showEnvVarsInLog = 0;
		};
/* End PBXShellScriptBuildPhase section */

/* Begin PBXSourcesBuildPhase section */
		DADA4D5E1FAAB29300014539 /* Sources */ = {
			isa = PBXSourcesBuildPhase;
			buildActionMask = 2147483647;
			files = (
				DA1DF2AF1FB0366C00FA9122 /* SLAbstractDotView.swift in Sources */,
				DADA4D681FAAB29300014539 /* ViewController.swift in Sources */,
				DA1DF2B01FB0366C00FA9122 /* SLAnimatedDotView.swift in Sources */,
				DA1DF2B61FB0366C00FA9122 /* UIView+SLExtension.swift in Sources */,
				DA1DF2B51FB0366C00FA9122 /* SLCycleImageView.swift in Sources */,
				DA1DF2B41FB0366C00FA9122 /* SLCollectionViewCell.swift in Sources */,
				DADA4D661FAAB29300014539 /* AppDelegate.swift in Sources */,
				DA1DF2B11FB0366C00FA9122 /* SLDotView.swift in Sources */,
				DA1DF2B21FB0366C00FA9122 /* SLPageControl.swift in Sources */,
				DA1DF2B31FB0366C00FA9122 /* SLTextPageControl.swift in Sources */,
			);
			runOnlyForDeploymentPostprocessing = 0;
		};
/* End PBXSourcesBuildPhase section */

/* Begin PBXVariantGroup section */
		DADA4D691FAAB29300014539 /* Main.storyboard */ = {
			isa = PBXVariantGroup;
			children = (
				DADA4D6A1FAAB29300014539 /* Base */,
			);
			name = Main.storyboard;
			sourceTree = "<group>";
		};
		DADA4D6E1FAAB29300014539 /* LaunchScreen.storyboard */ = {
			isa = PBXVariantGroup;
			children = (
				DADA4D6F1FAAB29300014539 /* Base */,
			);
			name = LaunchScreen.storyboard;
			sourceTree = "<group>";
		};
/* End PBXVariantGroup section */

/* Begin XCBuildConfiguration section */
		DADA4D721FAAB29300014539 /* Debug */ = {
			isa = XCBuildConfiguration;
			buildSettings = {
				ALWAYS_SEARCH_USER_PATHS = NO;
				CLANG_ANALYZER_NONNULL = YES;
				CLANG_ANALYZER_NUMBER_OBJECT_CONVERSION = YES_AGGRESSIVE;
				CLANG_CXX_LANGUAGE_STANDARD = "gnu++14";
				CLANG_CXX_LIBRARY = "libc++";
				CLANG_ENABLE_MODULES = YES;
				CLANG_ENABLE_OBJC_ARC = YES;
				CLANG_WARN_BLOCK_CAPTURE_AUTORELEASING = YES;
				CLANG_WARN_BOOL_CONVERSION = YES;
				CLANG_WARN_COMMA = YES;
				CLANG_WARN_CONSTANT_CONVERSION = YES;
				CLANG_WARN_DIRECT_OBJC_ISA_USAGE = YES_ERROR;
				CLANG_WARN_DOCUMENTATION_COMMENTS = YES;
				CLANG_WARN_EMPTY_BODY = YES;
				CLANG_WARN_ENUM_CONVERSION = YES;
				CLANG_WARN_INFINITE_RECURSION = YES;
				CLANG_WARN_INT_CONVERSION = YES;
				CLANG_WARN_NON_LITERAL_NULL_CONVERSION = YES;
				CLANG_WARN_OBJC_LITERAL_CONVERSION = YES;
				CLANG_WARN_OBJC_ROOT_CLASS = YES_ERROR;
				CLANG_WARN_RANGE_LOOP_ANALYSIS = YES;
				CLANG_WARN_STRICT_PROTOTYPES = YES;
				CLANG_WARN_SUSPICIOUS_MOVE = YES;
				CLANG_WARN_UNGUARDED_AVAILABILITY = YES_AGGRESSIVE;
				CLANG_WARN_UNREACHABLE_CODE = YES;
				CLANG_WARN__DUPLICATE_METHOD_MATCH = YES;
				CODE_SIGN_IDENTITY = "iPhone Developer";
				COPY_PHASE_STRIP = NO;
				DEBUG_INFORMATION_FORMAT = dwarf;
				ENABLE_STRICT_OBJC_MSGSEND = YES;
				ENABLE_TESTABILITY = YES;
				GCC_C_LANGUAGE_STANDARD = gnu11;
				GCC_DYNAMIC_NO_PIC = NO;
				GCC_NO_COMMON_BLOCKS = YES;
				GCC_OPTIMIZATION_LEVEL = 0;
				GCC_PREPROCESSOR_DEFINITIONS = (
					"DEBUG=1",
					"$(inherited)",
				);
				GCC_WARN_64_TO_32_BIT_CONVERSION = YES;
				GCC_WARN_ABOUT_RETURN_TYPE = YES_ERROR;
				GCC_WARN_UNDECLARED_SELECTOR = YES;
				GCC_WARN_UNINITIALIZED_AUTOS = YES_AGGRESSIVE;
				GCC_WARN_UNUSED_FUNCTION = YES;
				GCC_WARN_UNUSED_VARIABLE = YES;
				IPHONEOS_DEPLOYMENT_TARGET = 11.0;
				MTL_ENABLE_DEBUG_INFO = YES;
				ONLY_ACTIVE_ARCH = YES;
				SDKROOT = iphoneos;
				SWIFT_ACTIVE_COMPILATION_CONDITIONS = DEBUG;
				SWIFT_OPTIMIZATION_LEVEL = "-Onone";
			};
			name = Debug;
		};
		DADA4D731FAAB29300014539 /* Release */ = {
			isa = XCBuildConfiguration;
			buildSettings = {
				ALWAYS_SEARCH_USER_PATHS = NO;
				CLANG_ANALYZER_NONNULL = YES;
				CLANG_ANALYZER_NUMBER_OBJECT_CONVERSION = YES_AGGRESSIVE;
				CLANG_CXX_LANGUAGE_STANDARD = "gnu++14";
				CLANG_CXX_LIBRARY = "libc++";
				CLANG_ENABLE_MODULES = YES;
				CLANG_ENABLE_OBJC_ARC = YES;
				CLANG_WARN_BLOCK_CAPTURE_AUTORELEASING = YES;
				CLANG_WARN_BOOL_CONVERSION = YES;
				CLANG_WARN_COMMA = YES;
				CLANG_WARN_CONSTANT_CONVERSION = YES;
				CLANG_WARN_DIRECT_OBJC_ISA_USAGE = YES_ERROR;
				CLANG_WARN_DOCUMENTATION_COMMENTS = YES;
				CLANG_WARN_EMPTY_BODY = YES;
				CLANG_WARN_ENUM_CONVERSION = YES;
				CLANG_WARN_INFINITE_RECURSION = YES;
				CLANG_WARN_INT_CONVERSION = YES;
				CLANG_WARN_NON_LITERAL_NULL_CONVERSION = YES;
				CLANG_WARN_OBJC_LITERAL_CONVERSION = YES;
				CLANG_WARN_OBJC_ROOT_CLASS = YES_ERROR;
				CLANG_WARN_RANGE_LOOP_ANALYSIS = YES;
				CLANG_WARN_STRICT_PROTOTYPES = YES;
				CLANG_WARN_SUSPICIOUS_MOVE = YES;
				CLANG_WARN_UNGUARDED_AVAILABILITY = YES_AGGRESSIVE;
				CLANG_WARN_UNREACHABLE_CODE = YES;
				CLANG_WARN__DUPLICATE_METHOD_MATCH = YES;
				CODE_SIGN_IDENTITY = "iPhone Developer";
				COPY_PHASE_STRIP = NO;
				DEBUG_INFORMATION_FORMAT = "dwarf-with-dsym";
				ENABLE_NS_ASSERTIONS = NO;
				ENABLE_STRICT_OBJC_MSGSEND = YES;
				GCC_C_LANGUAGE_STANDARD = gnu11;
				GCC_NO_COMMON_BLOCKS = YES;
				GCC_WARN_64_TO_32_BIT_CONVERSION = YES;
				GCC_WARN_ABOUT_RETURN_TYPE = YES_ERROR;
				GCC_WARN_UNDECLARED_SELECTOR = YES;
				GCC_WARN_UNINITIALIZED_AUTOS = YES_AGGRESSIVE;
				GCC_WARN_UNUSED_FUNCTION = YES;
				GCC_WARN_UNUSED_VARIABLE = YES;
				IPHONEOS_DEPLOYMENT_TARGET = 11.0;
				MTL_ENABLE_DEBUG_INFO = NO;
				SDKROOT = iphoneos;
				SWIFT_OPTIMIZATION_LEVEL = "-Owholemodule";
				VALIDATE_PRODUCT = YES;
			};
			name = Release;
		};
		DADA4D751FAAB29300014539 /* Debug */ = {
			isa = XCBuildConfiguration;
			baseConfigurationReference = 64DAFF00CF8BE4E0D0F7B734 /* Pods-SLCycleImageView.debug.xcconfig */;
			buildSettings = {
				ASSETCATALOG_COMPILER_APPICON_NAME = AppIcon;
				CODE_SIGN_STYLE = Automatic;
				DEVELOPMENT_TEAM = 72Z44QQ9ZD;
				INFOPLIST_FILE = SLCycleImageView/Info.plist;
				LD_RUNPATH_SEARCH_PATHS = "$(inherited) @executable_path/Frameworks";
				PRODUCT_BUNDLE_IDENTIFIER = ml.sanchew.SLCycleImageView;
				PRODUCT_NAME = "$(TARGET_NAME)";
				SWIFT_VERSION = 4.0;
				TARGETED_DEVICE_FAMILY = "1,2";
			};
			name = Debug;
		};
		DADA4D761FAAB29300014539 /* Release */ = {
			isa = XCBuildConfiguration;
			baseConfigurationReference = F2B6C2CF2FD9F417A790877C /* Pods-SLCycleImageView.release.xcconfig */;
			buildSettings = {
				ASSETCATALOG_COMPILER_APPICON_NAME = AppIcon;
				CODE_SIGN_STYLE = Automatic;
				DEVELOPMENT_TEAM = 72Z44QQ9ZD;
				INFOPLIST_FILE = SLCycleImageView/Info.plist;
				LD_RUNPATH_SEARCH_PATHS = "$(inherited) @executable_path/Frameworks";
				PRODUCT_BUNDLE_IDENTIFIER = ml.sanchew.SLCycleImageView;
				PRODUCT_NAME = "$(TARGET_NAME)";
				SWIFT_VERSION = 4.0;
				TARGETED_DEVICE_FAMILY = "1,2";
			};
			name = Release;
		};
/* End XCBuildConfiguration section */

/* Begin XCConfigurationList section */
		DADA4D5D1FAAB29300014539 /* Build configuration list for PBXProject "SLCycleImageView" */ = {
			isa = XCConfigurationList;
			buildConfigurations = (
				DADA4D721FAAB29300014539 /* Debug */,
				DADA4D731FAAB29300014539 /* Release */,
			);
			defaultConfigurationIsVisible = 0;
			defaultConfigurationName = Release;
		};
		DADA4D741FAAB29300014539 /* Build configuration list for PBXNativeTarget "SLCycleImageView" */ = {
			isa = XCConfigurationList;
			buildConfigurations = (
				DADA4D751FAAB29300014539 /* Debug */,
				DADA4D761FAAB29300014539 /* Release */,
			);
			defaultConfigurationIsVisible = 0;
			defaultConfigurationName = Release;
		};
/* End XCConfigurationList section */
	};
	rootObject = DADA4D5A1FAAB29300014539 /* Project object */;
}
